
Microsoft Visual Studio Solution File, Format Version 12.00
# Visual Studio 2012
Project("{FAE04EC0-301F-11D3-BF4B-00C04F79EFBC}") = "upload-to-cloud-files", "upload-to-cloud-files\upload-to-cloud-files.csproj", "{6287EFFB-2D65-4297-AF8F-4F0D734A6085}"
EndProject
Global
	GlobalSection(SolutionConfigurationPlatforms) = preSolution
		Debug|Any CPU = Debug|Any CPU
		Release|Any CPU = Release|Any CPU
	EndGlobalSection
	GlobalSection(ProjectConfigurationPlatforms) = postSolution
		{6287EFFB-2D65-4297-AF8F-4F0D734A6085}.Debug|Any CPU.ActiveCfg = Debug|Any CPU
		{6287EFFB-2D65-4297-AF8F-4F0D734A6085}.Debug|Any CPU.Build.0 = Debug|Any CPU
		{6287EFFB-2D65-4297-AF8F-4F0D734A6085}.Release|Any CPU.ActiveCfg = Release|Any CPU
		{6287EFFB-2D65-4297-AF8F-4F0D734A6085}.Release|Any CPU.Build.0 = Release|Any CPU
		{6287EFFB-2D65-4297-AF8F-4F0D734A6085}.Release|Any CPU.Deploy.0 = Release|Any CPU
	EndGlobalSection
	GlobalSection(SolutionProperties) = preSolution
		HideSolutionNode = FALSE
	EndGlobalSection
EndGlobal
